
Microsoft Visual Studio Solution File, Format Version 12.00
# Visual Studio 2012
Project("{FAE04EC0-301F-11D3-BF4B-00C04F79EFBC}") = "Heima8.OA.Model", "Heima8.OA.Model\Heima8.OA.Model.csproj", "{8E5A850C-ECD7-4272-ABDD-0A5864033B6B}"
EndProject
Project("{FAE04EC0-301F-11D3-BF4B-00C04F79EFBC}") = "Heima8.OA.EFDAL", "Heima8.OA.EFDAL\Heima8.OA.EFDAL.csproj", "{C35E0147-431E-433E-A62E-C7510C474E06}"
EndProject
Project("{FAE04EC0-301F-11D3-BF4B-00C04F79EFBC}") = "Heima8.OA.BLL", "Heima8.OA.BLL\Heima8.OA.BLL.csproj", "{5427E38B-ADF9-47BA-8485-A3BAAA87DCDB}"
EndProject
Project("{FAE04EC0-301F-11D3-BF4B-00C04F79EFBC}") = "Heima8.OA.Common", "Heima8.OA.Common\Heima8.OA.Common.csproj", "{40C09CDC-2789-40C6-95C1-71C7C99C8159}"
EndProject
Project("{FAE04EC0-301F-11D3-BF4B-00C04F79EFBC}") = "Heima8.OA.UI.Portal", "Heima8.OA.UI.Portal\Heima8.OA.UI.Portal.csproj", "{DEC71D48-C28F-4050-ADE5-603D1DD193C5}"
EndProject
Project("{FAE04EC0-301F-11D3-BF4B-00C04F79EFBC}") = "Heima8.OA.UnitTest", "Heima8.OA.UnitTest\Heima8.OA.UnitTest.csproj", "{664C7A5A-A783-48A3-BECC-7971B7313F17}"
EndProject
Project("{FAE04EC0-301F-11D3-BF4B-00C04F79EFBC}") = "Heima8.OA.IDAL", "Heima8.OA.IDAL\Heima8.OA.IDAL.csproj", "{1F913F33-A348-41D0-B117-0412F5B9CA81}"
EndProject
Project("{FAE04EC0-301F-11D3-BF4B-00C04F79EFBC}") = "Heima8.OA.NHDAL", "Heima8.OA.NHDAL\Heima8.OA.NHDAL.csproj", "{FA791295-8588-4B07-9566-906E5F055998}"
EndProject
Project("{FAE04EC0-301F-11D3-BF4B-00C04F79EFBC}") = "Heima8.OA.DALFactory", "Heima8.OA.DALFactory\Heima8.OA.DALFactory.csproj", "{82E51959-36F7-4CB3-9B14-45C7D07F89FA}"
EndProject
Project("{FAE04EC0-301F-11D3-BF4B-00C04F79EFBC}") = "Heima8.OA.IBLL", "Heima8.OA.IBLL\Heima8.OA.IBLL.csproj", "{1FB7B99A-F568-4ADE-BB48-4FDE85536F25}"
EndProject
Project("{2150E333-8FDC-42A3-9474-1A3956D46DE8}") = "DAL", "DAL", "{29E15A9C-BDF8-477C-8E64-74A4F3A9736B}"
EndProject
Project("{2150E333-8FDC-42A3-9474-1A3956D46DE8}") = "BLL", "BLL", "{756E9EAC-1D8E-435D-A351-40499D9A2924}"
EndProject
Project("{2150E333-8FDC-42A3-9474-1A3956D46DE8}") = "Model", "Model", "{9AE7D89E-4455-4A79-9F6F-D9593E250E3C}"
EndProject
Project("{2150E333-8FDC-42A3-9474-1A3956D46DE8}") = "Common", "Common", "{ACC1015E-4938-48A5-8615-3992A3EA35BE}"
EndProject
Project("{2150E333-8FDC-42A3-9474-1A3956D46DE8}") = "UI", "UI", "{64A34EC1-1192-4AE1-88C9-1A1661998120}"
EndProject
Project("{2150E333-8FDC-42A3-9474-1A3956D46DE8}") = "UnitTest", "UnitTest", "{103A8430-1DFD-4D3D-B098-9EDF9A0E68A8}"
EndProject
Project("{2150E333-8FDC-42A3-9474-1A3956D46DE8}") = "Demos", "Demos", "{0A625D58-12D2-4026-A163-945674F10482}"
EndProject
Project("{FAE04EC0-301F-11D3-BF4B-00C04F79EFBC}") = "SpringNetDemo", "SpringNetDemo\SpringNetDemo.csproj", "{7D1591C0-C271-496D-8A54-FB97E7DB9179}"
EndProject
Project("{FAE04EC0-301F-11D3-BF4B-00C04F79EFBC}") = "T4Demos", "T4Demos\T4Demos.csproj", "{963931A8-6567-4A5B-92E7-5827D7B833D7}"
EndProject
Project("{FAE04EC0-301F-11D3-BF4B-00C04F79EFBC}") = "Log4NetDemo", "Log4NetDemo\Log4NetDemo.csproj", "{8896E340-E9B4-4028-8A02-10BF7C75EB9A}"
EndProject
Project("{FAE04EC0-301F-11D3-BF4B-00C04F79EFBC}") = "MemcacheDemo", "MemcacheDemo\MemcacheDemo.csproj", "{3A411FDB-D721-485D-81B9-60E44C4DF4D1}"
EndProject
Project("{FAE04EC0-301F-11D3-BF4B-00C04F79EFBC}") = "RedisDemo", "RedisDemo\RedisDemo.csproj", "{5EFB5BFF-0CB7-44C7-A500-B274A9C0182E}"
EndProject
Project("{FAE04EC0-301F-11D3-BF4B-00C04F79EFBC}") = "WorkflowDemo1", "WorkflowDemo1\WorkflowDemo1.csproj", "{EB9C94B9-91B4-4F66-9763-6CE637901145}"
EndProject
Project("{FAE04EC0-301F-11D3-BF4B-00C04F79EFBC}") = "WFWinFrmDemoo", "WFWinFrmDemoo\WFWinFrmDemoo.csproj", "{4F7BF2A9-B6B8-42B6-9962-EA5978C4DBA3}"
EndProject
Project("{FAE04EC0-301F-11D3-BF4B-00C04F79EFBC}") = "WFWindowsForms", "WFWindowsForms\WFWindowsForms.csproj", "{4898711F-0EF5-47A4-9125-C6D8CB10B941}"
EndProject
Project("{2150E333-8FDC-42A3-9474-1A3956D46DE8}") = "Workflow", "Workflow", "{C2BDC910-A184-4A78-8D38-81A2027F7F4F}"
EndProject
Project("{FAE04EC0-301F-11D3-BF4B-00C04F79EFBC}") = "Heima8.OA.Workflow", "Heima8.OA.Workflow\Heima8.OA.Workflow.csproj", "{4720909E-B6DB-499F-9BAB-86979E8A0EC6}"
EndProject
Global
	GlobalSection(TeamFoundationVersionControl) = preSolution
		SccNumberOfProjects = 20
		SccEnterpriseProvider = {4CA58AB2-18FA-4F8D-95D4-32DDF27D184C}
		SccTeamFoundationServer = http://flydragonpc:8080/tfs/defaultcollection
		SccLocalPath0 = .
		SccProjectUniqueName1 = Heima8.OA.BLL\\Heima8.OA.BLL.csproj
		SccProjectTopLevelParentUniqueName1 = Heima8.OA.sln
		SccProjectName1 = Heima8.OA.BLL
		SccLocalPath1 = Heima8.OA.BLL
		SccProjectUniqueName2 = Heima8.OA.Common\\Heima8.OA.Common.csproj
		SccProjectTopLevelParentUniqueName2 = Heima8.OA.sln
		SccProjectName2 = Heima8.OA.Common
		SccLocalPath2 = Heima8.OA.Common
		SccProjectUniqueName3 = Heima8.OA.DALFactory\\Heima8.OA.DALFactory.csproj
		SccProjectTopLevelParentUniqueName3 = Heima8.OA.sln
		SccProjectName3 = Heima8.OA.DALFactory
		SccLocalPath3 = Heima8.OA.DALFactory
		SccProjectUniqueName4 = Heima8.OA.EFDAL\\Heima8.OA.EFDAL.csproj
		SccProjectTopLevelParentUniqueName4 = Heima8.OA.sln
		SccProjectName4 = Heima8.OA.EFDAL
		SccLocalPath4 = Heima8.OA.EFDAL
		SccProjectUniqueName5 = Heima8.OA.IBLL\\Heima8.OA.IBLL.csproj
		SccProjectTopLevelParentUniqueName5 = Heima8.OA.sln
		SccProjectName5 = Heima8.OA.IBLL
		SccLocalPath5 = Heima8.OA.IBLL
		SccProjectUniqueName6 = Heima8.OA.IDAL\\Heima8.OA.IDAL.csproj
		SccProjectTopLevelParentUniqueName6 = Heima8.OA.sln
		SccProjectName6 = Heima8.OA.IDAL
		SccLocalPath6 = Heima8.OA.IDAL
		SccProjectUniqueName7 = Heima8.OA.Model\\Heima8.OA.Model.csproj
		SccProjectTopLevelParentUniqueName7 = Heima8.OA.sln
		SccProjectName7 = Heima8.OA.Model
		SccLocalPath7 = Heima8.OA.Model
		SccProjectUniqueName8 = Heima8.OA.NHDAL\\Heima8.OA.NHDAL.csproj
		SccProjectTopLevelParentUniqueName8 = Heima8.OA.sln
		SccProjectName8 = Heima8.OA.NHDAL
		SccLocalPath8 = Heima8.OA.NHDAL
		SccProjectUniqueName9 = Heima8.OA.UI.Portal\\Heima8.OA.UI.Portal.csproj
		SccProjectTopLevelParentUniqueName9 = Heima8.OA.sln
		SccProjectName9 = Heima8.OA.UI.Portal
		SccLocalPath9 = Heima8.OA.UI.Portal
		SccProjectUniqueName10 = Heima8.OA.UnitTest\\Heima8.OA.UnitTest.csproj
		SccProjectTopLevelParentUniqueName10 = Heima8.OA.sln
		SccProjectName10 = Heima8.OA.UnitTest
		SccLocalPath10 = Heima8.OA.UnitTest
		SccProjectUniqueName11 = SpringNetDemo\\SpringNetDemo.csproj
		SccProjectTopLevelParentUniqueName11 = Heima8.OA.sln
		SccProjectName11 = SpringNetDemo
		SccLocalPath11 = SpringNetDemo
		SccProjectUniqueName12 = T4Demos\\T4Demos.csproj
		SccProjectTopLevelParentUniqueName12 = Heima8.OA.sln
		SccProjectName12 = T4Demos
		SccLocalPath12 = T4Demos
		SccProjectUniqueName13 = Log4NetDemo\\Log4NetDemo.csproj
		SccProjectTopLevelParentUniqueName13 = Heima8.OA.sln
		SccProjectName13 = Log4NetDemo
		SccLocalPath13 = Log4NetDemo
		SccProjectUniqueName14 = MemcacheDemo\\MemcacheDemo.csproj
		SccProjectTopLevelParentUniqueName14 = Heima8.OA.sln
		SccProjectName14 = MemcacheDemo
		SccLocalPath14 = MemcacheDemo
		SccProjectUniqueName15 = RedisDemo\\RedisDemo.csproj
		SccProjectTopLevelParentUniqueName15 = Heima8.OA.sln
		SccProjectName15 = RedisDemo
		SccLocalPath15 = RedisDemo
		SccProjectUniqueName16 = WorkflowDemo1\\WorkflowDemo1.csproj
		SccProjectTopLevelParentUniqueName16 = Heima8.OA.sln
		SccProjectName16 = WorkflowDemo1
		SccLocalPath16 = WorkflowDemo1
		SccProjectUniqueName17 = WFWinFrmDemoo\\WFWinFrmDemoo.csproj
		SccProjectTopLevelParentUniqueName17 = Heima8.OA.sln
		SccProjectName17 = WFWinFrmDemoo
		SccLocalPath17 = WFWinFrmDemoo
		SccProjectUniqueName18 = WFWindowsForms\\WFWindowsForms.csproj
		SccProjectTopLevelParentUniqueName18 = Heima8.OA.sln
		SccProjectName18 = WFWindowsForms
		SccLocalPath18 = WFWindowsForms
		SccProjectUniqueName19 = Heima8.OA.Workflow\\Heima8.OA.Workflow.csproj
		SccProjectTopLevelParentUniqueName19 = Heima8.OA.sln
		SccProjectName19 = Heima8.OA.Workflow
		SccLocalPath19 = Heima8.OA.Workflow
	EndGlobalSection
	GlobalSection(SolutionConfigurationPlatforms) = preSolution
		Debug|Any CPU = Debug|Any CPU
		Debug|Mixed Platforms = Debug|Mixed Platforms
		Debug|x86 = Debug|x86
		Release|Any CPU = Release|Any CPU
		Release|Mixed Platforms = Release|Mixed Platforms
		Release|x86 = Release|x86
	EndGlobalSection
	GlobalSection(ProjectConfigurationPlatforms) = postSolution
		{8E5A850C-ECD7-4272-ABDD-0A5864033B6B}.Debug|Any CPU.ActiveCfg = Debug|Any CPU
		{8E5A850C-ECD7-4272-ABDD-0A5864033B6B}.Debug|Any CPU.Build.0 = Debug|Any CPU
		{8E5A850C-ECD7-4272-ABDD-0A5864033B6B}.Debug|Mixed Platforms.ActiveCfg = Debug|Any CPU
		{8E5A850C-ECD7-4272-ABDD-0A5864033B6B}.Debug|Mixed Platforms.Build.0 = Debug|Any CPU
		{8E5A850C-ECD7-4272-ABDD-0A5864033B6B}.Debug|x86.ActiveCfg = Debug|Any CPU
		{8E5A850C-ECD7-4272-ABDD-0A5864033B6B}.Release|Any CPU.ActiveCfg = Release|Any CPU
		{8E5A850C-ECD7-4272-ABDD-0A5864033B6B}.Release|Any CPU.Build.0 = Release|Any CPU
		{8E5A850C-ECD7-4272-ABDD-0A5864033B6B}.Release|Mixed Platforms.ActiveCfg = Release|Any CPU
		{8E5A850C-ECD7-4272-ABDD-0A5864033B6B}.Release|Mixed Platforms.Build.0 = Release|Any CPU
		{8E5A850C-ECD7-4272-ABDD-0A5864033B6B}.Release|x86.ActiveCfg = Release|Any CPU
		{C35E0147-431E-433E-A62E-C7510C474E06}.Debug|Any CPU.ActiveCfg = Debug|Any CPU
		{C35E0147-431E-433E-A62E-C7510C474E06}.Debug|Any CPU.Build.0 = Debug|Any CPU
		{C35E0147-431E-433E-A62E-C7510C474E06}.Debug|Mixed Platforms.ActiveCfg = Debug|Any CPU
		{C35E0147-431E-433E-A62E-C7510C474E06}.Debug|Mixed Platforms.Build.0 = Debug|Any CPU
		{C35E0147-431E-433E-A62E-C7510C474E06}.Debug|x86.ActiveCfg = Debug|Any CPU
		{C35E0147-431E-433E-A62E-C7510C474E06}.Release|Any CPU.ActiveCfg = Release|Any CPU
		{C35E0147-431E-433E-A62E-C7510C474E06}.Release|Any CPU.Build.0 = Release|Any CPU
		{C35E0147-431E-433E-A62E-C7510C474E06}.Release|Mixed Platforms.ActiveCfg = Release|Any CPU
		{C35E0147-431E-433E-A62E-C7510C474E06}.Release|Mixed Platforms.Build.0 = Release|Any CPU
		{C35E0147-431E-433E-A62E-C7510C474E06}.Release|x86.ActiveCfg = Release|Any CPU
		{5427E38B-ADF9-47BA-8485-A3BAAA87DCDB}.Debug|Any CPU.ActiveCfg = Debug|Any CPU
		{5427E38B-ADF9-47BA-8485-A3BAAA87DCDB}.Debug|Any CPU.Build.0 = Debug|Any CPU
		{5427E38B-ADF9-47BA-8485-A3BAAA87DCDB}.Debug|Mixed Platforms.ActiveCfg = Debug|Any CPU
		{5427E38B-ADF9-47BA-8485-A3BAAA87DCDB}.Debug|Mixed Platforms.Build.0 = Debug|Any CPU
		{5427E38B-ADF9-47BA-8485-A3BAAA87DCDB}.Debug|x86.ActiveCfg = Debug|Any CPU
		{5427E38B-ADF9-47BA-8485-A3BAAA87DCDB}.Release|Any CPU.ActiveCfg = Release|Any CPU
		{5427E38B-ADF9-47BA-8485-A3BAAA87DCDB}.Release|Any CPU.Build.0 = Release|Any CPU
		{5427E38B-ADF9-47BA-8485-A3BAAA87DCDB}.Release|Mixed Platforms.ActiveCfg = Release|Any CPU
		{5427E38B-ADF9-47BA-8485-A3BAAA87DCDB}.Release|Mixed Platforms.Build.0 = Release|Any CPU
		{5427E38B-ADF9-47BA-8485-A3BAAA87DCDB}.Release|x86.ActiveCfg = Release|Any CPU
		{40C09CDC-2789-40C6-95C1-71C7C99C8159}.Debug|Any CPU.ActiveCfg = Debug|Any CPU
		{40C09CDC-2789-40C6-95C1-71C7C99C8159}.Debug|Any CPU.Build.0 = Debug|Any CPU
		{40C09CDC-2789-40C6-95C1-71C7C99C8159}.Debug|Mixed Platforms.ActiveCfg = Debug|Any CPU
		{40C09CDC-2789-40C6-95C1-71C7C99C8159}.Debug|Mixed Platforms.Build.0 = Debug|Any CPU
		{40C09CDC-2789-40C6-95C1-71C7C99C8159}.Debug|x86.ActiveCfg = Debug|Any CPU
		{40C09CDC-2789-40C6-95C1-71C7C99C8159}.Release|Any CPU.ActiveCfg = Release|Any CPU
		{40C09CDC-2789-40C6-95C1-71C7C99C8159}.Release|Any CPU.Build.0 = Release|Any CPU
		{40C09CDC-2789-40C6-95C1-71C7C99C8159}.Release|Mixed Platforms.ActiveCfg = Release|Any CPU
		{40C09CDC-2789-40C6-95C1-71C7C99C8159}.Release|Mixed Platforms.Build.0 = Release|Any CPU
		{40C09CDC-2789-40C6-95C1-71C7C99C8159}.Release|x86.ActiveCfg = Release|Any CPU
		{DEC71D48-C28F-4050-ADE5-603D1DD193C5}.Debug|Any CPU.ActiveCfg = Debug|Any CPU
		{DEC71D48-C28F-4050-ADE5-603D1DD193C5}.Debug|Any CPU.Build.0 = Debug|Any CPU
		{DEC71D48-C28F-4050-ADE5-603D1DD193C5}.Debug|Mixed Platforms.ActiveCfg = Debug|Any CPU
		{DEC71D48-C28F-4050-ADE5-603D1DD193C5}.Debug|Mixed Platforms.Build.0 = Debug|Any CPU
		{DEC71D48-C28F-4050-ADE5-603D1DD193C5}.Debug|x86.ActiveCfg = Debug|Any CPU
		{DEC71D48-C28F-4050-ADE5-603D1DD193C5}.Release|Any CPU.ActiveCfg = Release|Any CPU
		{DEC71D48-C28F-4050-ADE5-603D1DD193C5}.Release|Any CPU.Build.0 = Release|Any CPU
		{DEC71D48-C28F-4050-ADE5-603D1DD193C5}.Release|Mixed Platforms.ActiveCfg = Release|Any CPU
		{DEC71D48-C28F-4050-ADE5-603D1DD193C5}.Release|Mixed Platforms.Build.0 = Release|Any CPU
		{DEC71D48-C28F-4050-ADE5-603D1DD193C5}.Release|x86.ActiveCfg = Release|Any CPU
		{664C7A5A-A783-48A3-BECC-7971B7313F17}.Debug|Any CPU.ActiveCfg = Debug|Any CPU
		{664C7A5A-A783-48A3-BECC-7971B7313F17}.Debug|Any CPU.Build.0 = Debug|Any CPU
		{664C7A5A-A783-48A3-BECC-7971B7313F17}.Debug|Mixed Platforms.ActiveCfg = Debug|Any CPU
		{664C7A5A-A783-48A3-BECC-7971B7313F17}.Debug|Mixed Platforms.Build.0 = Debug|Any CPU
		{664C7A5A-A783-48A3-BECC-7971B7313F17}.Debug|x86.ActiveCfg = Debug|Any CPU
		{664C7A5A-A783-48A3-BECC-7971B7313F17}.Release|Any CPU.ActiveCfg = Release|Any CPU
		{664C7A5A-A783-48A3-BECC-7971B7313F17}.Release|Any CPU.Build.0 = Release|Any CPU
		{664C7A5A-A783-48A3-BECC-7971B7313F17}.Release|Mixed Platforms.ActiveCfg = Release|Any CPU
		{664C7A5A-A783-48A3-BECC-7971B7313F17}.Release|Mixed Platforms.Build.0 = Release|Any CPU
		{664C7A5A-A783-48A3-BECC-7971B7313F17}.Release|x86.ActiveCfg = Release|Any CPU
		{1F913F33-A348-41D0-B117-0412F5B9CA81}.Debug|Any CPU.ActiveCfg = Debug|Any CPU
		{1F913F33-A348-41D0-B117-0412F5B9CA81}.Debug|Any CPU.Build.0 = Debug|Any CPU
		{1F913F33-A348-41D0-B117-0412F5B9CA81}.Debug|Mixed Platforms.ActiveCfg = Debug|Any CPU
		{1F913F33-A348-41D0-B117-0412F5B9CA81}.Debug|Mixed Platforms.Build.0 = Debug|Any CPU
		{1F913F33-A348-41D0-B117-0412F5B9CA81}.Debug|x86.ActiveCfg = Debug|Any CPU
		{1F913F33-A348-41D0-B117-0412F5B9CA81}.Release|Any CPU.ActiveCfg = Release|Any CPU
		{1F913F33-A348-41D0-B117-0412F5B9CA81}.Release|Any CPU.Build.0 = Release|Any CPU
		{1F913F33-A348-41D0-B117-0412F5B9CA81}.Release|Mixed Platforms.ActiveCfg = Release|Any CPU
		{1F913F33-A348-41D0-B117-0412F5B9CA81}.Release|Mixed Platforms.Build.0 = Release|Any CPU
		{1F913F33-A348-41D0-B117-0412F5B9CA81}.Release|x86.ActiveCfg = Release|Any CPU
		{FA791295-8588-4B07-9566-906E5F055998}.Debug|Any CPU.ActiveCfg = Debug|Any CPU
		{FA791295-8588-4B07-9566-906E5F055998}.Debug|Any CPU.Build.0 = Debug|Any CPU
		{FA791295-8588-4B07-9566-906E5F055998}.Debug|Mixed Platforms.ActiveCfg = Debug|Any CPU
		{FA791295-8588-4B07-9566-906E5F055998}.Debug|Mixed Platforms.Build.0 = Debug|Any CPU
		{FA791295-8588-4B07-9566-906E5F055998}.Debug|x86.ActiveCfg = Debug|Any CPU
		{FA791295-8588-4B07-9566-906E5F055998}.Release|Any CPU.ActiveCfg = Release|Any CPU
		{FA791295-8588-4B07-9566-906E5F055998}.Release|Any CPU.Build.0 = Release|Any CPU
		{FA791295-8588-4B07-9566-906E5F055998}.Release|Mixed Platforms.ActiveCfg = Release|Any CPU
		{FA791295-8588-4B07-9566-906E5F055998}.Release|Mixed Platforms.Build.0 = Release|Any CPU
		{FA791295-8588-4B07-9566-906E5F055998}.Release|x86.ActiveCfg = Release|Any CPU
		{82E51959-36F7-4CB3-9B14-45C7D07F89FA}.Debug|Any CPU.ActiveCfg = Debug|Any CPU
		{82E51959-36F7-4CB3-9B14-45C7D07F89FA}.Debug|Any CPU.Build.0 = Debug|Any CPU
		{82E51959-36F7-4CB3-9B14-45C7D07F89FA}.Debug|Mixed Platforms.ActiveCfg = Debug|Any CPU
		{82E51959-36F7-4CB3-9B14-45C7D07F89FA}.Debug|Mixed Platforms.Build.0 = Debug|Any CPU
		{82E51959-36F7-4CB3-9B14-45C7D07F89FA}.Debug|x86.ActiveCfg = Debug|Any CPU
		{82E51959-36F7-4CB3-9B14-45C7D07F89FA}.Release|Any CPU.ActiveCfg = Release|Any CPU
		{82E51959-36F7-4CB3-9B14-45C7D07F89FA}.Release|Any CPU.Build.0 = Release|Any CPU
		{82E51959-36F7-4CB3-9B14-45C7D07F89FA}.Release|Mixed Platforms.ActiveCfg = Release|Any CPU
		{82E51959-36F7-4CB3-9B14-45C7D07F89FA}.Release|Mixed Platforms.Build.0 = Release|Any CPU
		{82E51959-36F7-4CB3-9B14-45C7D07F89FA}.Release|x86.ActiveCfg = Release|Any CPU
		{1FB7B99A-F568-4ADE-BB48-4FDE85536F25}.Debug|Any CPU.ActiveCfg = Debug|Any CPU
		{1FB7B99A-F568-4ADE-BB48-4FDE85536F25}.Debug|Any CPU.Build.0 = Debug|Any CPU
		{1FB7B99A-F568-4ADE-BB48-4FDE85536F25}.Debug|Mixed Platforms.ActiveCfg = Debug|Any CPU
		{1FB7B99A-F568-4ADE-BB48-4FDE85536F25}.Debug|Mixed Platforms.Build.0 = Debug|Any CPU
		{1FB7B99A-F568-4ADE-BB48-4FDE85536F25}.Debug|x86.ActiveCfg = Debug|Any CPU
		{1FB7B99A-F568-4ADE-BB48-4FDE85536F25}.Release|Any CPU.ActiveCfg = Release|Any CPU
		{1FB7B99A-F568-4ADE-BB48-4FDE85536F25}.Release|Any CPU.Build.0 = Release|Any CPU
		{1FB7B99A-F568-4ADE-BB48-4FDE85536F25}.Release|Mixed Platforms.ActiveCfg = Release|Any CPU
		{1FB7B99A-F568-4ADE-BB48-4FDE85536F25}.Release|Mixed Platforms.Build.0 = Release|Any CPU
		{1FB7B99A-F568-4ADE-BB48-4FDE85536F25}.Release|x86.ActiveCfg = Release|Any CPU
		{7D1591C0-C271-496D-8A54-FB97E7DB9179}.Debug|Any CPU.ActiveCfg = Debug|Any CPU
		{7D1591C0-C271-496D-8A54-FB97E7DB9179}.Debug|Any CPU.Build.0 = Debug|Any CPU
		{7D1591C0-C271-496D-8A54-FB97E7DB9179}.Debug|Mixed Platforms.ActiveCfg = Debug|Any CPU
		{7D1591C0-C271-496D-8A54-FB97E7DB9179}.Debug|Mixed Platforms.Build.0 = Debug|Any CPU
		{7D1591C0-C271-496D-8A54-FB97E7DB9179}.Debug|x86.ActiveCfg = Debug|Any CPU
		{7D1591C0-C271-496D-8A54-FB97E7DB9179}.Release|Any CPU.ActiveCfg = Release|Any CPU
		{7D1591C0-C271-496D-8A54-FB97E7DB9179}.Release|Any CPU.Build.0 = Release|Any CPU
		{7D1591C0-C271-496D-8A54-FB97E7DB9179}.Release|Mixed Platforms.ActiveCfg = Release|Any CPU
		{7D1591C0-C271-496D-8A54-FB97E7DB9179}.Release|Mixed Platforms.Build.0 = Release|Any CPU
		{7D1591C0-C271-496D-8A54-FB97E7DB9179}.Release|x86.ActiveCfg = Release|Any CPU
		{963931A8-6567-4A5B-92E7-5827D7B833D7}.Debug|Any CPU.ActiveCfg = Debug|Any CPU
		{963931A8-6567-4A5B-92E7-5827D7B833D7}.Debug|Any CPU.Build.0 = Debug|Any CPU
		{963931A8-6567-4A5B-92E7-5827D7B833D7}.Debug|Mixed Platforms.ActiveCfg = Debug|Any CPU
		{963931A8-6567-4A5B-92E7-5827D7B833D7}.Debug|Mixed Platforms.Build.0 = Debug|Any CPU
		{963931A8-6567-4A5B-92E7-5827D7B833D7}.Debug|x86.ActiveCfg = Debug|Any CPU
		{963931A8-6567-4A5B-92E7-5827D7B833D7}.Release|Any CPU.ActiveCfg = Release|Any CPU
		{963931A8-6567-4A5B-92E7-5827D7B833D7}.Release|Any CPU.Build.0 = Release|Any CPU
		{963931A8-6567-4A5B-92E7-5827D7B833D7}.Release|Mixed Platforms.ActiveCfg = Release|Any CPU
		{963931A8-6567-4A5B-92E7-5827D7B833D7}.Release|Mixed Platforms.Build.0 = Release|Any CPU
		{963931A8-6567-4A5B-92E7-5827D7B833D7}.Release|x86.ActiveCfg = Release|Any CPU
		{8896E340-E9B4-4028-8A02-10BF7C75EB9A}.Debug|Any CPU.ActiveCfg = Debug|Any CPU
		{8896E340-E9B4-4028-8A02-10BF7C75EB9A}.Debug|Any CPU.Build.0 = Debug|Any CPU
		{8896E340-E9B4-4028-8A02-10BF7C75EB9A}.Debug|Mixed Platforms.ActiveCfg = Debug|Any CPU
		{8896E340-E9B4-4028-8A02-10BF7C75EB9A}.Debug|Mixed Platforms.Build.0 = Debug|Any CPU
		{8896E340-E9B4-4028-8A02-10BF7C75EB9A}.Debug|x86.ActiveCfg = Debug|Any CPU
		{8896E340-E9B4-4028-8A02-10BF7C75EB9A}.Release|Any CPU.ActiveCfg = Release|Any CPU
		{8896E340-E9B4-4028-8A02-10BF7C75EB9A}.Release|Any CPU.Build.0 = Release|Any CPU
		{8896E340-E9B4-4028-8A02-10BF7C75EB9A}.Release|Mixed Platforms.ActiveCfg = Release|Any CPU
		{8896E340-E9B4-4028-8A02-10BF7C75EB9A}.Release|Mixed Platforms.Build.0 = Release|Any CPU
		{8896E340-E9B4-4028-8A02-10BF7C75EB9A}.Release|x86.ActiveCfg = Release|Any CPU
		{3A411FDB-D721-485D-81B9-60E44C4DF4D1}.Debug|Any CPU.ActiveCfg = Debug|Any CPU
		{3A411FDB-D721-485D-81B9-60E44C4DF4D1}.Debug|Any CPU.Build.0 = Debug|Any CPU
		{3A411FDB-D721-485D-81B9-60E44C4DF4D1}.Debug|Mixed Platforms.ActiveCfg = Debug|Any CPU
		{3A411FDB-D721-485D-81B9-60E44C4DF4D1}.Debug|Mixed Platforms.Build.0 = Debug|Any CPU
		{3A411FDB-D721-485D-81B9-60E44C4DF4D1}.Debug|x86.ActiveCfg = Debug|Any CPU
		{3A411FDB-D721-485D-81B9-60E44C4DF4D1}.Release|Any CPU.ActiveCfg = Release|Any CPU
		{3A411FDB-D721-485D-81B9-60E44C4DF4D1}.Release|Any CPU.Build.0 = Release|Any CPU
		{3A411FDB-D721-485D-81B9-60E44C4DF4D1}.Release|Mixed Platforms.ActiveCfg = Release|Any CPU
		{3A411FDB-D721-485D-81B9-60E44C4DF4D1}.Release|Mixed Platforms.Build.0 = Release|Any CPU
		{3A411FDB-D721-485D-81B9-60E44C4DF4D1}.Release|x86.ActiveCfg = Release|Any CPU
		{5EFB5BFF-0CB7-44C7-A500-B274A9C0182E}.Debug|Any CPU.ActiveCfg = Debug|Any CPU
		{5EFB5BFF-0CB7-44C7-A500-B274A9C0182E}.Debug|Any CPU.Build.0 = Debug|Any CPU
		{5EFB5BFF-0CB7-44C7-A500-B274A9C0182E}.Debug|Mixed Platforms.ActiveCfg = Debug|Any CPU
		{5EFB5BFF-0CB7-44C7-A500-B274A9C0182E}.Debug|Mixed Platforms.Build.0 = Debug|Any CPU
		{5EFB5BFF-0CB7-44C7-A500-B274A9C0182E}.Debug|x86.ActiveCfg = Debug|Any CPU
		{5EFB5BFF-0CB7-44C7-A500-B274A9C0182E}.Release|Any CPU.ActiveCfg = Release|Any CPU
		{5EFB5BFF-0CB7-44C7-A500-B274A9C0182E}.Release|Any CPU.Build.0 = Release|Any CPU
		{5EFB5BFF-0CB7-44C7-A500-B274A9C0182E}.Release|Mixed Platforms.ActiveCfg = Release|Any CPU
		{5EFB5BFF-0CB7-44C7-A500-B274A9C0182E}.Release|Mixed Platforms.Build.0 = Release|Any CPU
		{5EFB5BFF-0CB7-44C7-A500-B274A9C0182E}.Release|x86.ActiveCfg = Release|Any CPU
		{EB9C94B9-91B4-4F66-9763-6CE637901145}.Debug|Any CPU.ActiveCfg = Debug|x86
		{EB9C94B9-91B4-4F66-9763-6CE637901145}.Debug|Mixed Platforms.ActiveCfg = Debug|x86
		{EB9C94B9-91B4-4F66-9763-6CE637901145}.Debug|Mixed Platforms.Build.0 = Debug|x86
		{EB9C94B9-91B4-4F66-9763-6CE637901145}.Debug|x86.ActiveCfg = Debug|x86
		{EB9C94B9-91B4-4F66-9763-6CE637901145}.Debug|x86.Build.0 = Debug|x86
		{EB9C94B9-91B4-4F66-9763-6CE637901145}.Release|Any CPU.ActiveCfg = Release|x86
		{EB9C94B9-91B4-4F66-9763-6CE637901145}.Release|Mixed Platforms.ActiveCfg = Release|x86
		{EB9C94B9-91B4-4F66-9763-6CE637901145}.Release|Mixed Platforms.Build.0 = Release|x86
		{EB9C94B9-91B4-4F66-9763-6CE637901145}.Release|x86.ActiveCfg = Release|x86
		{EB9C94B9-91B4-4F66-9763-6CE637901145}.Release|x86.Build.0 = Release|x86
		{4F7BF2A9-B6B8-42B6-9962-EA5978C4DBA3}.Debug|Any CPU.ActiveCfg = Debug|Any CPU
		{4F7BF2A9-B6B8-42B6-9962-EA5978C4DBA3}.Debug|Any CPU.Build.0 = Debug|Any CPU
		{4F7BF2A9-B6B8-42B6-9962-EA5978C4DBA3}.Debug|Mixed Platforms.ActiveCfg = Debug|Any CPU
		{4F7BF2A9-B6B8-42B6-9962-EA5978C4DBA3}.Debug|Mixed Platforms.Build.0 = Debug|Any CPU
		{4F7BF2A9-B6B8-42B6-9962-EA5978C4DBA3}.Debug|x86.ActiveCfg = Debug|Any CPU
		{4F7BF2A9-B6B8-42B6-9962-EA5978C4DBA3}.Release|Any CPU.ActiveCfg = Release|Any CPU
		{4F7BF2A9-B6B8-42B6-9962-EA5978C4DBA3}.Release|Any CPU.Build.0 = Release|Any CPU
		{4F7BF2A9-B6B8-42B6-9962-EA5978C4DBA3}.Release|Mixed Platforms.ActiveCfg = Release|Any CPU
		{4F7BF2A9-B6B8-42B6-9962-EA5978C4DBA3}.Release|Mixed Platforms.Build.0 = Release|Any CPU
		{4F7BF2A9-B6B8-42B6-9962-EA5978C4DBA3}.Release|x86.ActiveCfg = Release|Any CPU
		{4898711F-0EF5-47A4-9125-C6D8CB10B941}.Debug|Any CPU.ActiveCfg = Debug|Any CPU
		{4898711F-0EF5-47A4-9125-C6D8CB10B941}.Debug|Any CPU.Build.0 = Debug|Any CPU
		{4898711F-0EF5-47A4-9125-C6D8CB10B941}.Debug|Mixed Platforms.ActiveCfg = Debug|Any CPU
		{4898711F-0EF5-47A4-9125-C6D8CB10B941}.Debug|Mixed Platforms.Build.0 = Debug|Any CPU
		{4898711F-0EF5-47A4-9125-C6D8CB10B941}.Debug|x86.ActiveCfg = Debug|Any CPU
		{4898711F-0EF5-47A4-9125-C6D8CB10B941}.Release|Any CPU.ActiveCfg = Release|Any CPU
		{4898711F-0EF5-47A4-9125-C6D8CB10B941}.Release|Any CPU.Build.0 = Release|Any CPU
		{4898711F-0EF5-47A4-9125-C6D8CB10B941}.Release|Mixed Platforms.ActiveCfg = Release|Any CPU
		{4898711F-0EF5-47A4-9125-C6D8CB10B941}.Release|Mixed Platforms.Build.0 = Release|Any CPU
		{4898711F-0EF5-47A4-9125-C6D8CB10B941}.Release|x86.ActiveCfg = Release|Any CPU
		{4720909E-B6DB-499F-9BAB-86979E8A0EC6}.Debug|Any CPU.ActiveCfg = Debug|Any CPU
		{4720909E-B6DB-499F-9BAB-86979E8A0EC6}.Debug|Any CPU.Build.0 = Debug|Any CPU
		{4720909E-B6DB-499F-9BAB-86979E8A0EC6}.Debug|Mixed Platforms.ActiveCfg = Debug|Any CPU
		{4720909E-B6DB-499F-9BAB-86979E8A0EC6}.Debug|Mixed Platforms.Build.0 = Debug|Any CPU
		{4720909E-B6DB-499F-9BAB-86979E8A0EC6}.Debug|x86.ActiveCfg = Debug|Any CPU
		{4720909E-B6DB-499F-9BAB-86979E8A0EC6}.Release|Any CPU.ActiveCfg = Release|Any CPU
		{4720909E-B6DB-499F-9BAB-86979E8A0EC6}.Release|Any CPU.Build.0 = Release|Any CPU
		{4720909E-B6DB-499F-9BAB-86979E8A0EC6}.Release|Mixed Platforms.ActiveCfg = Release|Any CPU
		{4720909E-B6DB-499F-9BAB-86979E8A0EC6}.Release|Mixed Platforms.Build.0 = Release|Any CPU
		{4720909E-B6DB-499F-9BAB-86979E8A0EC6}.Release|x86.ActiveCfg = Release|Any CPU
	EndGlobalSection
	GlobalSection(SolutionProperties) = preSolution
		HideSolutionNode = FALSE
	EndGlobalSection
	GlobalSection(NestedProjects) = preSolution
		{8E5A850C-ECD7-4272-ABDD-0A5864033B6B} = {9AE7D89E-4455-4A79-9F6F-D9593E250E3C}
		{1F913F33-A348-41D0-B117-0412F5B9CA81} = {29E15A9C-BDF8-477C-8E64-74A4F3A9736B}
		{FA791295-8588-4B07-9566-906E5F055998} = {29E15A9C-BDF8-477C-8E64-74A4F3A9736B}
		{82E51959-36F7-4CB3-9B14-45C7D07F89FA} = {29E15A9C-BDF8-477C-8E64-74A4F3A9736B}
		{C35E0147-431E-433E-A62E-C7510C474E06} = {29E15A9C-BDF8-477C-8E64-74A4F3A9736B}
		{1FB7B99A-F568-4ADE-BB48-4FDE85536F25} = {756E9EAC-1D8E-435D-A351-40499D9A2924}
		{5427E38B-ADF9-47BA-8485-A3BAAA87DCDB} = {756E9EAC-1D8E-435D-A351-40499D9A2924}
		{40C09CDC-2789-40C6-95C1-71C7C99C8159} = {ACC1015E-4938-48A5-8615-3992A3EA35BE}
		{DEC71D48-C28F-4050-ADE5-603D1DD193C5} = {64A34EC1-1192-4AE1-88C9-1A1661998120}
		{664C7A5A-A783-48A3-BECC-7971B7313F17} = {103A8430-1DFD-4D3D-B098-9EDF9A0E68A8}
		{7D1591C0-C271-496D-8A54-FB97E7DB9179} = {0A625D58-12D2-4026-A163-945674F10482}
		{963931A8-6567-4A5B-92E7-5827D7B833D7} = {0A625D58-12D2-4026-A163-945674F10482}
		{8896E340-E9B4-4028-8A02-10BF7C75EB9A} = {0A625D58-12D2-4026-A163-945674F10482}
		{3A411FDB-D721-485D-81B9-60E44C4DF4D1} = {0A625D58-12D2-4026-A163-945674F10482}
		{5EFB5BFF-0CB7-44C7-A500-B274A9C0182E} = {0A625D58-12D2-4026-A163-945674F10482}
		{EB9C94B9-91B4-4F66-9763-6CE637901145} = {0A625D58-12D2-4026-A163-945674F10482}
		{4F7BF2A9-B6B8-42B6-9962-EA5978C4DBA3} = {0A625D58-12D2-4026-A163-945674F10482}
		{4898711F-0EF5-47A4-9125-C6D8CB10B941} = {0A625D58-12D2-4026-A163-945674F10482}
		{4720909E-B6DB-499F-9BAB-86979E8A0EC6} = {C2BDC910-A184-4A78-8D38-81A2027F7F4F}
	EndGlobalSection
EndGlobal
